
Microsoft Visual Studio Solution File, Format Version 12.00
# Visual Studio Version 16
VisualStudioVersion = 16.0.31402.337
MinimumVisualStudioVersion = 10.0.40219.1
Project("{FAE04EC0-301F-11D3-BF4B-00C04F79EFBC}") = "I", "I.csproj", "{9F63CA6E-B673-4727-9C93-99F3C2A73B9B}"
EndProject
Global
	GlobalSection(SolutionConfigurationPlatforms) = preSolution
		Debug|Any CPU = Debug|Any CPU
		Release|Any CPU = Release|Any CPU
	EndGlobalSection
	GlobalSection(ProjectConfigurationPlatforms) = postSolution
		{9F63CA6E-B673-4727-9C93-99F3C2A73B9B}.Debug|Any CPU.ActiveCfg = Debug|Any CPU
		{9F63CA6E-B673-4727-9C93-99F3C2A73B9B}.Debug|Any CPU.Build.0 = Debug|Any CPU
		{9F63CA6E-B673-4727-9C93-99F3C2A73B9B}.Release|Any CPU.ActiveCfg = Release|Any CPU
		{9F63CA6E-B673-4727-9C93-99F3C2A73B9B}.Release|Any CPU.Build.0 = Release|Any CPU
	EndGlobalSection
	GlobalSection(SolutionProperties) = preSolution
		HideSolutionNode = FALSE
	EndGlobalSection
	GlobalSection(ExtensibilityGlobals) = postSolution
		SolutionGuid = {80A7FA6C-71A7-4320-A94C-5B7B776941B0}
	EndGlobalSection
EndGlobal
